// !$*UTF8*$!
{
	archiveVersion = 1;
	classes = {
	};
	objectVersion = 56;
	objects = {

/* Begin PBXBuildFile section */
		1E095B712B7BA77E00147119 /* RealityKitContent in Frameworks */ = {isa = PBXBuildFile; productRef = 1E095B702B7BA77E00147119 /* RealityKitContent */; };
		1E095B732B7BA77E00147119 /* BodyTrackingVisualizationApp.swift in Sources */ = {isa = PBXBuildFile; fileRef = 1E095B722B7BA77E00147119 /* BodyTrackingVisualizationApp.swift */; };
		1E095B752B7BA77E00147119 /* ContentView.swift in Sources */ = {isa = PBXBuildFile; fileRef = 1E095B742B7BA77E00147119 /* ContentView.swift */; };
		1E095B772B7BA77E00147119 /* ImmersiveView.swift in Sources */ = {isa = PBXBuildFile; fileRef = 1E095B762B7BA77E00147119 /* ImmersiveView.swift */; };
		1E095B792B7BA77F00147119 /* Assets.xcassets in Resources */ = {isa = PBXBuildFile; fileRef = 1E095B782B7BA77F00147119 /* Assets.xcassets */; };
		1E095B7C2B7BA77F00147119 /* Preview Assets.xcassets in Resources */ = {isa = PBXBuildFile; fileRef = 1E095B7B2B7BA77F00147119 /* Preview Assets.xcassets */; };
		1E095B872B7BA77F00147119 /* BodyTrackingVisualizationTests.swift in Sources */ = {isa = PBXBuildFile; fileRef = 1E095B862B7BA77F00147119 /* BodyTrackingVisualizationTests.swift */; };
		1E095B912B7BA7BE00147119 /* NearbyServiceBrowser.swift in Sources */ = {isa = PBXBuildFile; fileRef = 1E095B902B7BA7BE00147119 /* NearbyServiceBrowser.swift */; };
		1E095B932B7BAB1D00147119 /* NearbyServiceBrowserModel.swift in Sources */ = {isa = PBXBuildFile; fileRef = 1E095B922B7BAB1D00147119 /* NearbyServiceBrowserModel.swift */; };
		1E095B9B2B7BBB1500147119 /* BodyTrackingVisualization_iOSApp.swift in Sources */ = {isa = PBXBuildFile; fileRef = 1E095B9A2B7BBB1500147119 /* BodyTrackingVisualization_iOSApp.swift */; };
		1E095B9F2B7BBB1600147119 /* Assets.xcassets in Resources */ = {isa = PBXBuildFile; fileRef = 1E095B9E2B7BBB1600147119 /* Assets.xcassets */; };
		1E095BA22B7BBB1600147119 /* Preview Assets.xcassets in Resources */ = {isa = PBXBuildFile; fileRef = 1E095BA12B7BBB1600147119 /* Preview Assets.xcassets */; };
		1E095BAC2B7BBB1700147119 /* BodyTrackingVisualization_iOSTests.swift in Sources */ = {isa = PBXBuildFile; fileRef = 1E095BAB2B7BBB1700147119 /* BodyTrackingVisualization_iOSTests.swift */; };
		1E095BB62B7BBB1700147119 /* BodyTrackingVisualization_iOSUITests.swift in Sources */ = {isa = PBXBuildFile; fileRef = 1E095BB52B7BBB1700147119 /* BodyTrackingVisualization_iOSUITests.swift */; };
		1E095BB82B7BBB1700147119 /* BodyTrackingVisualization_iOSUITestsLaunchTests.swift in Sources */ = {isa = PBXBuildFile; fileRef = 1E095BB72B7BBB1700147119 /* BodyTrackingVisualization_iOSUITestsLaunchTests.swift */; };
		1E095BC22B7BBB3200147119 /* ContentView.swift in Sources */ = {isa = PBXBuildFile; fileRef = 1E095B742B7BA77E00147119 /* ContentView.swift */; };
		1E095BC32B7BBC7B00147119 /* NearbyServiceBrowser.swift in Sources */ = {isa = PBXBuildFile; fileRef = 1E095B902B7BA7BE00147119 /* NearbyServiceBrowser.swift */; };
		1E095BC42B7BBC8100147119 /* NearbyServiceBrowserModel.swift in Sources */ = {isa = PBXBuildFile; fileRef = 1E095B922B7BAB1D00147119 /* NearbyServiceBrowserModel.swift */; };
		1E4C822E2B91FA95004F75B2 /* SessionManager.swift in Sources */ = {isa = PBXBuildFile; fileRef = 1E4C822D2B91FA95004F75B2 /* SessionManager.swift */; };
/* End PBXBuildFile section */

/* Begin PBXContainerItemProxy section */
		1E095B832B7BA77F00147119 /* PBXContainerItemProxy */ = {
			isa = PBXContainerItemProxy;
			containerPortal = 1E095B632B7BA77E00147119 /* Project object */;
			proxyType = 1;
			remoteGlobalIDString = 1E095B6A2B7BA77E00147119;
			remoteInfo = BodyTrackingVisualization;
		};
		1E095BA82B7BBB1600147119 /* PBXContainerItemProxy */ = {
			isa = PBXContainerItemProxy;
			containerPortal = 1E095B632B7BA77E00147119 /* Project object */;
			proxyType = 1;
			remoteGlobalIDString = 1E095B972B7BBB1500147119;
			remoteInfo = "BodyTrackingVisualization-iOS";
		};
		1E095BB22B7BBB1700147119 /* PBXContainerItemProxy */ = {
			isa = PBXContainerItemProxy;
			containerPortal = 1E095B632B7BA77E00147119 /* Project object */;
			proxyType = 1;
			remoteGlobalIDString = 1E095B972B7BBB1500147119;
			remoteInfo = "BodyTrackingVisualization-iOS";
		};
/* End PBXContainerItemProxy section */

/* Begin PBXFileReference section */
		1E095B6B2B7BA77E00147119 /* BodyTrackingVisualization.app */ = {isa = PBXFileReference; explicitFileType = wrapper.application; includeInIndex = 0; path = BodyTrackingVisualization.app; sourceTree = BUILT_PRODUCTS_DIR; };
		1E095B6F2B7BA77E00147119 /* RealityKitContent */ = {isa = PBXFileReference; lastKnownFileType = wrapper; path = RealityKitContent; sourceTree = "<group>"; };
		1E095B722B7BA77E00147119 /* BodyTrackingVisualizationApp.swift */ = {isa = PBXFileReference; lastKnownFileType = sourcecode.swift; path = BodyTrackingVisualizationApp.swift; sourceTree = "<group>"; };
		1E095B742B7BA77E00147119 /* ContentView.swift */ = {isa = PBXFileReference; lastKnownFileType = sourcecode.swift; path = ContentView.swift; sourceTree = "<group>"; };
		1E095B762B7BA77E00147119 /* ImmersiveView.swift */ = {isa = PBXFileReference; lastKnownFileType = sourcecode.swift; path = ImmersiveView.swift; sourceTree = "<group>"; };
		1E095B782B7BA77F00147119 /* Assets.xcassets */ = {isa = PBXFileReference; lastKnownFileType = folder.assetcatalog; path = Assets.xcassets; sourceTree = "<group>"; };
		1E095B7B2B7BA77F00147119 /* Preview Assets.xcassets */ = {isa = PBXFileReference; lastKnownFileType = folder.assetcatalog; path = "Preview Assets.xcassets"; sourceTree = "<group>"; };
		1E095B7D2B7BA77F00147119 /* Info.plist */ = {isa = PBXFileReference; lastKnownFileType = text.plist.xml; path = Info.plist; sourceTree = "<group>"; };
		1E095B822B7BA77F00147119 /* BodyTrackingVisualizationTests.xctest */ = {isa = PBXFileReference; explicitFileType = wrapper.cfbundle; includeInIndex = 0; path = BodyTrackingVisualizationTests.xctest; sourceTree = BUILT_PRODUCTS_DIR; };
		1E095B862B7BA77F00147119 /* BodyTrackingVisualizationTests.swift */ = {isa = PBXFileReference; lastKnownFileType = sourcecode.swift; path = BodyTrackingVisualizationTests.swift; sourceTree = "<group>"; };
		1E095B902B7BA7BE00147119 /* NearbyServiceBrowser.swift */ = {isa = PBXFileReference; lastKnownFileType = sourcecode.swift; path = NearbyServiceBrowser.swift; sourceTree = "<group>"; };
		1E095B922B7BAB1D00147119 /* NearbyServiceBrowserModel.swift */ = {isa = PBXFileReference; lastKnownFileType = sourcecode.swift; path = NearbyServiceBrowserModel.swift; sourceTree = "<group>"; };
		1E095B982B7BBB1500147119 /* BodyTrackingVisualization-iOS.app */ = {isa = PBXFileReference; explicitFileType = wrapper.application; includeInIndex = 0; path = "BodyTrackingVisualization-iOS.app"; sourceTree = BUILT_PRODUCTS_DIR; };
		1E095B9A2B7BBB1500147119 /* BodyTrackingVisualization_iOSApp.swift */ = {isa = PBXFileReference; lastKnownFileType = sourcecode.swift; path = BodyTrackingVisualization_iOSApp.swift; sourceTree = "<group>"; };
		1E095B9E2B7BBB1600147119 /* Assets.xcassets */ = {isa = PBXFileReference; lastKnownFileType = folder.assetcatalog; path = Assets.xcassets; sourceTree = "<group>"; };
		1E095BA12B7BBB1600147119 /* Preview Assets.xcassets */ = {isa = PBXFileReference; lastKnownFileType = folder.assetcatalog; path = "Preview Assets.xcassets"; sourceTree = "<group>"; };
		1E095BA72B7BBB1600147119 /* BodyTrackingVisualization-iOSTests.xctest */ = {isa = PBXFileReference; explicitFileType = wrapper.cfbundle; includeInIndex = 0; path = "BodyTrackingVisualization-iOSTests.xctest"; sourceTree = BUILT_PRODUCTS_DIR; };
		1E095BAB2B7BBB1700147119 /* BodyTrackingVisualization_iOSTests.swift */ = {isa = PBXFileReference; lastKnownFileType = sourcecode.swift; path = BodyTrackingVisualization_iOSTests.swift; sourceTree = "<group>"; };
		1E095BB12B7BBB1700147119 /* BodyTrackingVisualization-iOSUITests.xctest */ = {isa = PBXFileReference; explicitFileType = wrapper.cfbundle; includeInIndex = 0; path = "BodyTrackingVisualization-iOSUITests.xctest"; sourceTree = BUILT_PRODUCTS_DIR; };
		1E095BB52B7BBB1700147119 /* BodyTrackingVisualization_iOSUITests.swift */ = {isa = PBXFileReference; lastKnownFileType = sourcecode.swift; path = BodyTrackingVisualization_iOSUITests.swift; sourceTree = "<group>"; };
		1E095BB72B7BBB1700147119 /* BodyTrackingVisualization_iOSUITestsLaunchTests.swift */ = {isa = PBXFileReference; lastKnownFileType = sourcecode.swift; path = BodyTrackingVisualization_iOSUITestsLaunchTests.swift; sourceTree = "<group>"; };
		1E095BC52B7BBDE200147119 /* Info.plist */ = {isa = PBXFileReference; lastKnownFileType = text.plist; path = Info.plist; sourceTree = "<group>"; };
		1E4C822D2B91FA95004F75B2 /* SessionManager.swift */ = {isa = PBXFileReference; lastKnownFileType = sourcecode.swift; path = SessionManager.swift; sourceTree = "<group>"; };
/* End PBXFileReference section */

/* Begin PBXFrameworksBuildPhase section */
		1E095B682B7BA77E00147119 /* Frameworks */ = {
			isa = PBXFrameworksBuildPhase;
			buildActionMask = 2147483647;
			files = (
				1E095B712B7BA77E00147119 /* RealityKitContent in Frameworks */,
			);
			runOnlyForDeploymentPostprocessing = 0;
		};
		1E095B7F2B7BA77F00147119 /* Frameworks */ = {
			isa = PBXFrameworksBuildPhase;
			buildActionMask = 2147483647;
			files = (
			);
			runOnlyForDeploymentPostprocessing = 0;
		};
		1E095B952B7BBB1500147119 /* Frameworks */ = {
			isa = PBXFrameworksBuildPhase;
			buildActionMask = 2147483647;
			files = (
			);
			runOnlyForDeploymentPostprocessing = 0;
		};
		1E095BA42B7BBB1600147119 /* Frameworks */ = {
			isa = PBXFrameworksBuildPhase;
			buildActionMask = 2147483647;
			files = (
			);
			runOnlyForDeploymentPostprocessing = 0;
		};
		1E095BAE2B7BBB1700147119 /* Frameworks */ = {
			isa = PBXFrameworksBuildPhase;
			buildActionMask = 2147483647;
			files = (
			);
			runOnlyForDeploymentPostprocessing = 0;
		};
/* End PBXFrameworksBuildPhase section */

/* Begin PBXGroup section */
		1E095B622B7BA77E00147119 = {
			isa = PBXGroup;
			children = (
				1E095B6D2B7BA77E00147119 /* BodyTrackingVisualization */,
				1E095B6E2B7BA77E00147119 /* Packages */,
				1E095B852B7BA77F00147119 /* BodyTrackingVisualizationTests */,
				1E095B992B7BBB1500147119 /* BodyTrackingVisualization-iOS */,
				1E095BAA2B7BBB1700147119 /* BodyTrackingVisualization-iOSTests */,
				1E095BB42B7BBB1700147119 /* BodyTrackingVisualization-iOSUITests */,
				1E095B6C2B7BA77E00147119 /* Products */,
			);
			sourceTree = "<group>";
		};
		1E095B6C2B7BA77E00147119 /* Products */ = {
			isa = PBXGroup;
			children = (
				1E095B6B2B7BA77E00147119 /* BodyTrackingVisualization.app */,
				1E095B822B7BA77F00147119 /* BodyTrackingVisualizationTests.xctest */,
				1E095B982B7BBB1500147119 /* BodyTrackingVisualization-iOS.app */,
				1E095BA72B7BBB1600147119 /* BodyTrackingVisualization-iOSTests.xctest */,
				1E095BB12B7BBB1700147119 /* BodyTrackingVisualization-iOSUITests.xctest */,
			);
			name = Products;
			sourceTree = "<group>";
		};
		1E095B6D2B7BA77E00147119 /* BodyTrackingVisualization */ = {
			isa = PBXGroup;
			children = (
				1E095B722B7BA77E00147119 /* BodyTrackingVisualizationApp.swift */,
				1E095B742B7BA77E00147119 /* ContentView.swift */,
				1E095B762B7BA77E00147119 /* ImmersiveView.swift */,
				1E095B902B7BA7BE00147119 /* NearbyServiceBrowser.swift */,
				1E4C822D2B91FA95004F75B2 /* SessionManager.swift */,
				1E095B922B7BAB1D00147119 /* NearbyServiceBrowserModel.swift */,
				1E095B782B7BA77F00147119 /* Assets.xcassets */,
				1E095B7D2B7BA77F00147119 /* Info.plist */,
				1E095B7A2B7BA77F00147119 /* Preview Content */,
			);
			path = BodyTrackingVisualization;
			sourceTree = "<group>";
		};
		1E095B6E2B7BA77E00147119 /* Packages */ = {
			isa = PBXGroup;
			children = (
				1E095B6F2B7BA77E00147119 /* RealityKitContent */,
			);
			path = Packages;
			sourceTree = "<group>";
		};
		1E095B7A2B7BA77F00147119 /* Preview Content */ = {
			isa = PBXGroup;
			children = (
				1E095B7B2B7BA77F00147119 /* Preview Assets.xcassets */,
			);
			path = "Preview Content";
			sourceTree = "<group>";
		};
		1E095B852B7BA77F00147119 /* BodyTrackingVisualizationTests */ = {
			isa = PBXGroup;
			children = (
				1E095B862B7BA77F00147119 /* BodyTrackingVisualizationTests.swift */,
			);
			path = BodyTrackingVisualizationTests;
			sourceTree = "<group>";
		};
		1E095B992B7BBB1500147119 /* BodyTrackingVisualization-iOS */ = {
			isa = PBXGroup;
			children = (
				1E095BC52B7BBDE200147119 /* Info.plist */,
				1E095B9A2B7BBB1500147119 /* BodyTrackingVisualization_iOSApp.swift */,
				1E095B9E2B7BBB1600147119 /* Assets.xcassets */,
				1E095BA02B7BBB1600147119 /* Preview Content */,
			);
			path = "BodyTrackingVisualization-iOS";
			sourceTree = "<group>";
		};
		1E095BA02B7BBB1600147119 /* Preview Content */ = {
			isa = PBXGroup;
			children = (
				1E095BA12B7BBB1600147119 /* Preview Assets.xcassets */,
			);
			path = "Preview Content";
			sourceTree = "<group>";
		};
		1E095BAA2B7BBB1700147119 /* BodyTrackingVisualization-iOSTests */ = {
			isa = PBXGroup;
			children = (
				1E095BAB2B7BBB1700147119 /* BodyTrackingVisualization_iOSTests.swift */,
			);
			path = "BodyTrackingVisualization-iOSTests";
			sourceTree = "<group>";
		};
		1E095BB42B7BBB1700147119 /* BodyTrackingVisualization-iOSUITests */ = {
			isa = PBXGroup;
			children = (
				1E095BB52B7BBB1700147119 /* BodyTrackingVisualization_iOSUITests.swift */,
				1E095BB72B7BBB1700147119 /* BodyTrackingVisualization_iOSUITestsLaunchTests.swift */,
			);
			path = "BodyTrackingVisualization-iOSUITests";
			sourceTree = "<group>";
		};
/* End PBXGroup section */

/* Begin PBXNativeTarget section */
		1E095B6A2B7BA77E00147119 /* BodyTrackingVisualization */ = {
			isa = PBXNativeTarget;
			buildConfigurationList = 1E095B8A2B7BA77F00147119 /* Build configuration list for PBXNativeTarget "BodyTrackingVisualization" */;
			buildPhases = (
				1E095B672B7BA77E00147119 /* Sources */,
				1E095B682B7BA77E00147119 /* Frameworks */,
				1E095B692B7BA77E00147119 /* Resources */,
			);
			buildRules = (
			);
			dependencies = (
			);
			name = BodyTrackingVisualization;
			packageProductDependencies = (
				1E095B702B7BA77E00147119 /* RealityKitContent */,
			);
			productName = BodyTrackingVisualization;
			productReference = 1E095B6B2B7BA77E00147119 /* BodyTrackingVisualization.app */;
			productType = "com.apple.product-type.application";
		};
		1E095B812B7BA77F00147119 /* BodyTrackingVisualizationTests */ = {
			isa = PBXNativeTarget;
			buildConfigurationList = 1E095B8D2B7BA77F00147119 /* Build configuration list for PBXNativeTarget "BodyTrackingVisualizationTests" */;
			buildPhases = (
				1E095B7E2B7BA77F00147119 /* Sources */,
				1E095B7F2B7BA77F00147119 /* Frameworks */,
				1E095B802B7BA77F00147119 /* Resources */,
			);
			buildRules = (
			);
			dependencies = (
				1E095B842B7BA77F00147119 /* PBXTargetDependency */,
			);
			name = BodyTrackingVisualizationTests;
			productName = BodyTrackingVisualizationTests;
			productReference = 1E095B822B7BA77F00147119 /* BodyTrackingVisualizationTests.xctest */;
			productType = "com.apple.product-type.bundle.unit-test";
		};
		1E095B972B7BBB1500147119 /* BodyTrackingVisualization-iOS */ = {
			isa = PBXNativeTarget;
			buildConfigurationList = 1E095BB92B7BBB1700147119 /* Build configuration list for PBXNativeTarget "BodyTrackingVisualization-iOS" */;
			buildPhases = (
				1E095B942B7BBB1500147119 /* Sources */,
				1E095B952B7BBB1500147119 /* Frameworks */,
				1E095B962B7BBB1500147119 /* Resources */,
			);
			buildRules = (
			);
			dependencies = (
			);
			name = "BodyTrackingVisualization-iOS";
			productName = "BodyTrackingVisualization-iOS";
			productReference = 1E095B982B7BBB1500147119 /* BodyTrackingVisualization-iOS.app */;
			productType = "com.apple.product-type.application";
		};
		1E095BA62B7BBB1600147119 /* BodyTrackingVisualization-iOSTests */ = {
			isa = PBXNativeTarget;
			buildConfigurationList = 1E095BBC2B7BBB1700147119 /* Build configuration list for PBXNativeTarget "BodyTrackingVisualization-iOSTests" */;
			buildPhases = (
				1E095BA32B7BBB1600147119 /* Sources */,
				1E095BA42B7BBB1600147119 /* Frameworks */,
				1E095BA52B7BBB1600147119 /* Resources */,
			);
			buildRules = (
			);
			dependencies = (
				1E095BA92B7BBB1600147119 /* PBXTargetDependency */,
			);
			name = "BodyTrackingVisualization-iOSTests";
			productName = "BodyTrackingVisualization-iOSTests";
			productReference = 1E095BA72B7BBB1600147119 /* BodyTrackingVisualization-iOSTests.xctest */;
			productType = "com.apple.product-type.bundle.unit-test";
		};
		1E095BB02B7BBB1700147119 /* BodyTrackingVisualization-iOSUITests */ = {
			isa = PBXNativeTarget;
			buildConfigurationList = 1E095BBF2B7BBB1700147119 /* Build configuration list for PBXNativeTarget "BodyTrackingVisualization-iOSUITests" */;
			buildPhases = (
				1E095BAD2B7BBB1700147119 /* Sources */,
				1E095BAE2B7BBB1700147119 /* Frameworks */,
				1E095BAF2B7BBB1700147119 /* Resources */,
			);
			buildRules = (
			);
			dependencies = (
				1E095BB32B7BBB1700147119 /* PBXTargetDependency */,
			);
			name = "BodyTrackingVisualization-iOSUITests";
			productName = "BodyTrackingVisualization-iOSUITests";
			productReference = 1E095BB12B7BBB1700147119 /* BodyTrackingVisualization-iOSUITests.xctest */;
			productType = "com.apple.product-type.bundle.ui-testing";
		};
/* End PBXNativeTarget section */

/* Begin PBXProject section */
		1E095B632B7BA77E00147119 /* Project object */ = {
			isa = PBXProject;
			attributes = {
				BuildIndependentTargetsInParallel = 1;
				LastSwiftUpdateCheck = 1520;
				LastUpgradeCheck = 1520;
				TargetAttributes = {
					1E095B6A2B7BA77E00147119 = {
						CreatedOnToolsVersion = 15.2;
					};
					1E095B812B7BA77F00147119 = {
						CreatedOnToolsVersion = 15.2;
						TestTargetID = 1E095B6A2B7BA77E00147119;
					};
					1E095B972B7BBB1500147119 = {
						CreatedOnToolsVersion = 15.2;
					};
					1E095BA62B7BBB1600147119 = {
						CreatedOnToolsVersion = 15.2;
						TestTargetID = 1E095B972B7BBB1500147119;
					};
					1E095BB02B7BBB1700147119 = {
						CreatedOnToolsVersion = 15.2;
						TestTargetID = 1E095B972B7BBB1500147119;
					};
				};
			};
			buildConfigurationList = 1E095B662B7BA77E00147119 /* Build configuration list for PBXProject "BodyTrackingVisualization" */;
			compatibilityVersion = "Xcode 14.0";
			developmentRegion = en;
			hasScannedForEncodings = 0;
			knownRegions = (
				en,
				Base,
			);
			mainGroup = 1E095B622B7BA77E00147119;
			productRefGroup = 1E095B6C2B7BA77E00147119 /* Products */;
			projectDirPath = "";
			projectRoot = "";
			targets = (
				1E095B6A2B7BA77E00147119 /* BodyTrackingVisualization */,
				1E095B812B7BA77F00147119 /* BodyTrackingVisualizationTests */,
				1E095B972B7BBB1500147119 /* BodyTrackingVisualization-iOS */,
				1E095BA62B7BBB1600147119 /* BodyTrackingVisualization-iOSTests */,
				1E095BB02B7BBB1700147119 /* BodyTrackingVisualization-iOSUITests */,
			);
		};
/* End PBXProject section */

/* Begin PBXResourcesBuildPhase section */
		1E095B692B7BA77E00147119 /* Resources */ = {
			isa = PBXResourcesBuildPhase;
			buildActionMask = 2147483647;
			files = (
				1E095B7C2B7BA77F00147119 /* Preview Assets.xcassets in Resources */,
				1E095B792B7BA77F00147119 /* Assets.xcassets in Resources */,
			);
			runOnlyForDeploymentPostprocessing = 0;
		};
		1E095B802B7BA77F00147119 /* Resources */ = {
			isa = PBXResourcesBuildPhase;
			buildActionMask = 2147483647;
			files = (
			);
			runOnlyForDeploymentPostprocessing = 0;
		};
		1E095B962B7BBB1500147119 /* Resources */ = {
			isa = PBXResourcesBuildPhase;
			buildActionMask = 2147483647;
			files = (
				1E095BA22B7BBB1600147119 /* Preview Assets.xcassets in Resources */,
				1E095B9F2B7BBB1600147119 /* Assets.xcassets in Resources */,
			);
			runOnlyForDeploymentPostprocessing = 0;
		};
		1E095BA52B7BBB1600147119 /* Resources */ = {
			isa = PBXResourcesBuildPhase;
			buildActionMask = 2147483647;
			files = (
			);
			runOnlyForDeploymentPostprocessing = 0;
		};
		1E095BAF2B7BBB1700147119 /* Resources */ = {
			isa = PBXResourcesBuildPhase;
			buildActionMask = 2147483647;
			files = (
			);
			runOnlyForDeploymentPostprocessing = 0;
		};
/* End PBXResourcesBuildPhase section */

/* Begin PBXSourcesBuildPhase section */
		1E095B672B7BA77E00147119 /* Sources */ = {
			isa = PBXSourcesBuildPhase;
			buildActionMask = 2147483647;
			files = (
				1E095B752B7BA77E00147119 /* ContentView.swift in Sources */,
				1E095B732B7BA77E00147119 /* BodyTrackingVisualizationApp.swift in Sources */,
				1E4C822E2B91FA95004F75B2 /* SessionManager.swift in Sources */,
				1E095B772B7BA77E00147119 /* ImmersiveView.swift in Sources */,
				1E095B932B7BAB1D00147119 /* NearbyServiceBrowserModel.swift in Sources */,
				1E095B912B7BA7BE00147119 /* NearbyServiceBrowser.swift in Sources */,
			);
			runOnlyForDeploymentPostprocessing = 0;
		};
		1E095B7E2B7BA77F00147119 /* Sources */ = {
			isa = PBXSourcesBuildPhase;
			buildActionMask = 2147483647;
			files = (
				1E095B872B7BA77F00147119 /* BodyTrackingVisualizationTests.swift in Sources */,
			);
			runOnlyForDeploymentPostprocessing = 0;
		};
		1E095B942B7BBB1500147119 /* Sources */ = {
			isa = PBXSourcesBuildPhase;
			buildActionMask = 2147483647;
			files = (
				1E095BC22B7BBB3200147119 /* ContentView.swift in Sources */,
				1E095BC42B7BBC8100147119 /* NearbyServiceBrowserModel.swift in Sources */,
				1E095B9B2B7BBB1500147119 /* BodyTrackingVisualization_iOSApp.swift in Sources */,
				1E095BC32B7BBC7B00147119 /* NearbyServiceBrowser.swift in Sources */,
			);
			runOnlyForDeploymentPostprocessing = 0;
		};
		1E095BA32B7BBB1600147119 /* Sources */ = {
			isa = PBXSourcesBuildPhase;
			buildActionMask = 2147483647;
			files = (
				1E095BAC2B7BBB1700147119 /* BodyTrackingVisualization_iOSTests.swift in Sources */,
			);
			runOnlyForDeploymentPostprocessing = 0;
		};
		1E095BAD2B7BBB1700147119 /* Sources */ = {
			isa = PBXSourcesBuildPhase;
			buildActionMask = 2147483647;
			files = (
				1E095BB82B7BBB1700147119 /* BodyTrackingVisualization_iOSUITestsLaunchTests.swift in Sources */,
				1E095BB62B7BBB1700147119 /* BodyTrackingVisualization_iOSUITests.swift in Sources */,
			);
			runOnlyForDeploymentPostprocessing = 0;
		};
/* End PBXSourcesBuildPhase section */

/* Begin PBXTargetDependency section */
		1E095B842B7BA77F00147119 /* PBXTargetDependency */ = {
			isa = PBXTargetDependency;
			target = 1E095B6A2B7BA77E00147119 /* BodyTrackingVisualization */;
			targetProxy = 1E095B832B7BA77F00147119 /* PBXContainerItemProxy */;
		};
		1E095BA92B7BBB1600147119 /* PBXTargetDependency */ = {
			isa = PBXTargetDependency;
			target = 1E095B972B7BBB1500147119 /* BodyTrackingVisualization-iOS */;
			targetProxy = 1E095BA82B7BBB1600147119 /* PBXContainerItemProxy */;
		};
		1E095BB32B7BBB1700147119 /* PBXTargetDependency */ = {
			isa = PBXTargetDependency;
			target = 1E095B972B7BBB1500147119 /* BodyTrackingVisualization-iOS */;
			targetProxy = 1E095BB22B7BBB1700147119 /* PBXContainerItemProxy */;
		};
/* End PBXTargetDependency section */

/* Begin XCBuildConfiguration section */
		1E095B882B7BA77F00147119 /* Debug */ = {
			isa = XCBuildConfiguration;
			buildSettings = {
				ALWAYS_SEARCH_USER_PATHS = NO;
				ASSETCATALOG_COMPILER_GENERATE_SWIFT_ASSET_SYMBOL_EXTENSIONS = YES;
				CLANG_ANALYZER_NONNULL = YES;
				CLANG_ANALYZER_NUMBER_OBJECT_CONVERSION = YES_AGGRESSIVE;
				CLANG_CXX_LANGUAGE_STANDARD = "gnu++20";
				CLANG_ENABLE_MODULES = YES;
				CLANG_ENABLE_OBJC_ARC = YES;
				CLANG_ENABLE_OBJC_WEAK = YES;
				CLANG_WARN_BLOCK_CAPTURE_AUTORELEASING = YES;
				CLANG_WARN_BOOL_CONVERSION = YES;
				CLANG_WARN_COMMA = YES;
				CLANG_WARN_CONSTANT_CONVERSION = YES;
				CLANG_WARN_DEPRECATED_OBJC_IMPLEMENTATIONS = YES;
				CLANG_WARN_DIRECT_OBJC_ISA_USAGE = YES_ERROR;
				CLANG_WARN_DOCUMENTATION_COMMENTS = YES;
				CLANG_WARN_EMPTY_BODY = YES;
				CLANG_WARN_ENUM_CONVERSION = YES;
				CLANG_WARN_INFINITE_RECURSION = YES;
				CLANG_WARN_INT_CONVERSION = YES;
				CLANG_WARN_NON_LITERAL_NULL_CONVERSION = YES;
				CLANG_WARN_OBJC_IMPLICIT_RETAIN_SELF = YES;
				CLANG_WARN_OBJC_LITERAL_CONVERSION = YES;
				CLANG_WARN_OBJC_ROOT_CLASS = YES_ERROR;
				CLANG_WARN_QUOTED_INCLUDE_IN_FRAMEWORK_HEADER = YES;
				CLANG_WARN_RANGE_LOOP_ANALYSIS = YES;
				CLANG_WARN_STRICT_PROTOTYPES = YES;
				CLANG_WARN_SUSPICIOUS_MOVE = YES;
				CLANG_WARN_UNGUARDED_AVAILABILITY = YES_AGGRESSIVE;
				CLANG_WARN_UNREACHABLE_CODE = YES;
				CLANG_WARN__DUPLICATE_METHOD_MATCH = YES;
				COPY_PHASE_STRIP = NO;
				DEBUG_INFORMATION_FORMAT = dwarf;
				ENABLE_STRICT_OBJC_MSGSEND = YES;
				ENABLE_TESTABILITY = YES;
				ENABLE_USER_SCRIPT_SANDBOXING = YES;
				GCC_C_LANGUAGE_STANDARD = gnu17;
				GCC_DYNAMIC_NO_PIC = NO;
				GCC_NO_COMMON_BLOCKS = YES;
				GCC_OPTIMIZATION_LEVEL = 0;
				GCC_PREPROCESSOR_DEFINITIONS = (
					"DEBUG=1",
					"$(inherited)",
				);
				GCC_WARN_64_TO_32_BIT_CONVERSION = YES;
				GCC_WARN_ABOUT_RETURN_TYPE = YES_ERROR;
				GCC_WARN_UNDECLARED_SELECTOR = YES;
				GCC_WARN_UNINITIALIZED_AUTOS = YES_AGGRESSIVE;
				GCC_WARN_UNUSED_FUNCTION = YES;
				GCC_WARN_UNUSED_VARIABLE = YES;
				LOCALIZATION_PREFERS_STRING_CATALOGS = YES;
				MTL_ENABLE_DEBUG_INFO = INCLUDE_SOURCE;
				MTL_FAST_MATH = YES;
				ONLY_ACTIVE_ARCH = YES;
				SDKROOT = xros;
				SWIFT_ACTIVE_COMPILATION_CONDITIONS = "DEBUG $(inherited)";
				SWIFT_OPTIMIZATION_LEVEL = "-Onone";
				XROS_DEPLOYMENT_TARGET = 1.0;
			};
			name = Debug;
		};
		1E095B892B7BA77F00147119 /* Release */ = {
			isa = XCBuildConfiguration;
			buildSettings = {
				ALWAYS_SEARCH_USER_PATHS = NO;
				ASSETCATALOG_COMPILER_GENERATE_SWIFT_ASSET_SYMBOL_EXTENSIONS = YES;
				CLANG_ANALYZER_NONNULL = YES;
				CLANG_ANALYZER_NUMBER_OBJECT_CONVERSION = YES_AGGRESSIVE;
				CLANG_CXX_LANGUAGE_STANDARD = "gnu++20";
				CLANG_ENABLE_MODULES = YES;
				CLANG_ENABLE_OBJC_ARC = YES;
				CLANG_ENABLE_OBJC_WEAK = YES;
				CLANG_WARN_BLOCK_CAPTURE_AUTORELEASING = YES;
				CLANG_WARN_BOOL_CONVERSION = YES;
				CLANG_WARN_COMMA = YES;
				CLANG_WARN_CONSTANT_CONVERSION = YES;
				CLANG_WARN_DEPRECATED_OBJC_IMPLEMENTATIONS = YES;
				CLANG_WARN_DIRECT_OBJC_ISA_USAGE = YES_ERROR;
				CLANG_WARN_DOCUMENTATION_COMMENTS = YES;
				CLANG_WARN_EMPTY_BODY = YES;
				CLANG_WARN_ENUM_CONVERSION = YES;
				CLANG_WARN_INFINITE_RECURSION = YES;
				CLANG_WARN_INT_CONVERSION = YES;
				CLANG_WARN_NON_LITERAL_NULL_CONVERSION = YES;
				CLANG_WARN_OBJC_IMPLICIT_RETAIN_SELF = YES;
				CLANG_WARN_OBJC_LITERAL_CONVERSION = YES;
				CLANG_WARN_OBJC_ROOT_CLASS = YES_ERROR;
				CLANG_WARN_QUOTED_INCLUDE_IN_FRAMEWORK_HEADER = YES;
				CLANG_WARN_RANGE_LOOP_ANALYSIS = YES;
				CLANG_WARN_STRICT_PROTOTYPES = YES;
				CLANG_WARN_SUSPICIOUS_MOVE = YES;
				CLANG_WARN_UNGUARDED_AVAILABILITY = YES_AGGRESSIVE;
				CLANG_WARN_UNREACHABLE_CODE = YES;
				CLANG_WARN__DUPLICATE_METHOD_MATCH = YES;
				COPY_PHASE_STRIP = NO;
				DEBUG_INFORMATION_FORMAT = "dwarf-with-dsym";
				ENABLE_NS_ASSERTIONS = NO;
				ENABLE_STRICT_OBJC_MSGSEND = YES;
				ENABLE_USER_SCRIPT_SANDBOXING = YES;
				GCC_C_LANGUAGE_STANDARD = gnu17;
				GCC_NO_COMMON_BLOCKS = YES;
				GCC_WARN_64_TO_32_BIT_CONVERSION = YES;
				GCC_WARN_ABOUT_RETURN_TYPE = YES_ERROR;
				GCC_WARN_UNDECLARED_SELECTOR = YES;
				GCC_WARN_UNINITIALIZED_AUTOS = YES_AGGRESSIVE;
				GCC_WARN_UNUSED_FUNCTION = YES;
				GCC_WARN_UNUSED_VARIABLE = YES;
				LOCALIZATION_PREFERS_STRING_CATALOGS = YES;
				MTL_ENABLE_DEBUG_INFO = NO;
				MTL_FAST_MATH = YES;
				SDKROOT = xros;
				SWIFT_COMPILATION_MODE = wholemodule;
				VALIDATE_PRODUCT = YES;
				XROS_DEPLOYMENT_TARGET = 1.0;
			};
			name = Release;
		};
		1E095B8B2B7BA77F00147119 /* Debug */ = {
			isa = XCBuildConfiguration;
			buildSettings = {
				ASSETCATALOG_COMPILER_APPICON_NAME = AppIcon;
				ASSETCATALOG_COMPILER_GLOBAL_ACCENT_COLOR_NAME = AccentColor;
				CODE_SIGN_STYLE = Automatic;
				CURRENT_PROJECT_VERSION = 1;
				DEVELOPMENT_ASSET_PATHS = "\"BodyTrackingVisualization/Preview Content\"";
				DEVELOPMENT_TEAM = FTMC23LTVL;
				ENABLE_PREVIEWS = YES;
				GENERATE_INFOPLIST_FILE = YES;
				INFOPLIST_FILE = "$(TARGET_NAME)/Info.plist";
				INFOPLIST_KEY_LSApplicationCategoryType = "";
				INFOPLIST_KEY_NSLocalNetworkUsageDescription = "Body tracking uses the local network to broadcast your skeleton data to connected devices.";
				LD_RUNPATH_SEARCH_PATHS = (
					"$(inherited)",
					"@executable_path/Frameworks",
				);
				MARKETING_VERSION = 1.0;
				PRODUCT_BUNDLE_IDENTIFIER = com.noisederived.BodyTrackingVisualization;
				PRODUCT_NAME = "$(TARGET_NAME)";
				SUPPORTED_PLATFORMS = "xros xrsimulator";
				SWIFT_EMIT_LOC_STRINGS = YES;
				SWIFT_VERSION = 5.0;
				TARGETED_DEVICE_FAMILY = "1,2,7";
			};
			name = Debug;
		};
		1E095B8C2B7BA77F00147119 /* Release */ = {
			isa = XCBuildConfiguration;
			buildSettings = {
				ASSETCATALOG_COMPILER_APPICON_NAME = AppIcon;
				ASSETCATALOG_COMPILER_GLOBAL_ACCENT_COLOR_NAME = AccentColor;
				CODE_SIGN_STYLE = Automatic;
				CURRENT_PROJECT_VERSION = 1;
				DEVELOPMENT_ASSET_PATHS = "\"BodyTrackingVisualization/Preview Content\"";
				DEVELOPMENT_TEAM = FTMC23LTVL;
				ENABLE_PREVIEWS = YES;
				GENERATE_INFOPLIST_FILE = YES;
				INFOPLIST_FILE = "$(TARGET_NAME)/Info.plist";
				INFOPLIST_KEY_LSApplicationCategoryType = "";
				INFOPLIST_KEY_NSLocalNetworkUsageDescription = "Body tracking uses the local network to broadcast your skeleton data to connected devices.";
				LD_RUNPATH_SEARCH_PATHS = (
					"$(inherited)",
					"@executable_path/Frameworks",
				);
				MARKETING_VERSION = 1.0;
				PRODUCT_BUNDLE_IDENTIFIER = com.noisederived.BodyTrackingVisualization;
				PRODUCT_NAME = "$(TARGET_NAME)";
				SUPPORTED_PLATFORMS = "xros xrsimulator";
				SWIFT_EMIT_LOC_STRINGS = YES;
				SWIFT_VERSION = 5.0;
				TARGETED_DEVICE_FAMILY = "1,2,7";
			};
			name = Release;
		};
		1E095B8E2B7BA77F00147119 /* Debug */ = {
			isa = XCBuildConfiguration;
			buildSettings = {
				ALWAYS_EMBED_SWIFT_STANDARD_LIBRARIES = YES;
				BUNDLE_LOADER = "$(TEST_HOST)";
				CODE_SIGN_STYLE = Automatic;
				CURRENT_PROJECT_VERSION = 1;
				DEVELOPMENT_TEAM = FTMC23LTVL;
				GENERATE_INFOPLIST_FILE = YES;
				MARKETING_VERSION = 1.0;
				PRODUCT_BUNDLE_IDENTIFIER = com.noisederived.BodyTrackingVisualizationTests;
				PRODUCT_NAME = "$(TARGET_NAME)";
				SUPPORTED_PLATFORMS = "xros xrsimulator";
				SWIFT_EMIT_LOC_STRINGS = NO;
				SWIFT_VERSION = 5.0;
				TARGETED_DEVICE_FAMILY = "1,2,7";
				TEST_HOST = "$(BUILT_PRODUCTS_DIR)/BodyTrackingVisualization.app/$(BUNDLE_EXECUTABLE_FOLDER_PATH)/BodyTrackingVisualization";
				XROS_DEPLOYMENT_TARGET = 1.0;
			};
			name = Debug;
		};
		1E095B8F2B7BA77F00147119 /* Release */ = {
			isa = XCBuildConfiguration;
			buildSettings = {
				ALWAYS_EMBED_SWIFT_STANDARD_LIBRARIES = YES;
				BUNDLE_LOADER = "$(TEST_HOST)";
				CODE_SIGN_STYLE = Automatic;
				CURRENT_PROJECT_VERSION = 1;
				DEVELOPMENT_TEAM = FTMC23LTVL;
				GENERATE_INFOPLIST_FILE = YES;
				MARKETING_VERSION = 1.0;
				PRODUCT_BUNDLE_IDENTIFIER = com.noisederived.BodyTrackingVisualizationTests;
				PRODUCT_NAME = "$(TARGET_NAME)";
				SUPPORTED_PLATFORMS = "xros xrsimulator";
				SWIFT_EMIT_LOC_STRINGS = NO;
				SWIFT_VERSION = 5.0;
				TARGETED_DEVICE_FAMILY = "1,2,7";
				TEST_HOST = "$(BUILT_PRODUCTS_DIR)/BodyTrackingVisualization.app/$(BUNDLE_EXECUTABLE_FOLDER_PATH)/BodyTrackingVisualization";
				XROS_DEPLOYMENT_TARGET = 1.0;
			};
			name = Release;
		};
		1E095BBA2B7BBB1700147119 /* Debug */ = {
			isa = XCBuildConfiguration;
			buildSettings = {
				ASSETCATALOG_COMPILER_APPICON_NAME = AppIcon;
				ASSETCATALOG_COMPILER_GLOBAL_ACCENT_COLOR_NAME = AccentColor;
				CODE_SIGN_STYLE = Automatic;
				CURRENT_PROJECT_VERSION = 1;
				DEVELOPMENT_ASSET_PATHS = "\"BodyTrackingVisualization-iOS/Preview Content\"";
				DEVELOPMENT_TEAM = FTMC23LTVL;
				ENABLE_PREVIEWS = YES;
				GENERATE_INFOPLIST_FILE = YES;
				INFOPLIST_FILE = "BodyTrackingVisualization-iOS/Info.plist";
				INFOPLIST_KEY_NSLocalNetworkUsageDescription = "Body tracking uses the local network to broadcast your skeleton data to connected devices.";
				INFOPLIST_KEY_UIApplicationSceneManifest_Generation = YES;
				INFOPLIST_KEY_UIApplicationSupportsIndirectInputEvents = YES;
				INFOPLIST_KEY_UILaunchScreen_Generation = YES;
				INFOPLIST_KEY_UISupportedInterfaceOrientations_iPad = "UIInterfaceOrientationPortrait UIInterfaceOrientationPortraitUpsideDown UIInterfaceOrientationLandscapeLeft UIInterfaceOrientationLandscapeRight";
				INFOPLIST_KEY_UISupportedInterfaceOrientations_iPhone = "UIInterfaceOrientationPortrait UIInterfaceOrientationLandscapeLeft UIInterfaceOrientationLandscapeRight";
				IPHONEOS_DEPLOYMENT_TARGET = 17.2;
				LD_RUNPATH_SEARCH_PATHS = (
					"$(inherited)",
					"@executable_path/Frameworks",
				);
				MARKETING_VERSION = 1.0;
				PRODUCT_BUNDLE_IDENTIFIER = "com.noisederived.BodyTrackingVisualization-iOS";
				PRODUCT_NAME = "$(TARGET_NAME)";
				SDKROOT = iphoneos;
				SWIFT_EMIT_LOC_STRINGS = YES;
				SWIFT_VERSION = 5.0;
				TARGETED_DEVICE_FAMILY = "1,2";
			};
			name = Debug;
		};
		1E095BBB2B7BBB1700147119 /* Release */ = {
			isa = XCBuildConfiguration;
			buildSettings = {
				ASSETCATALOG_COMPILER_APPICON_NAME = AppIcon;
				ASSETCATALOG_COMPILER_GLOBAL_ACCENT_COLOR_NAME = AccentColor;
				CODE_SIGN_STYLE = Automatic;
				CURRENT_PROJECT_VERSION = 1;
				DEVELOPMENT_ASSET_PATHS = "\"BodyTrackingVisualization-iOS/Preview Content\"";
				DEVELOPMENT_TEAM = FTMC23LTVL;
				ENABLE_PREVIEWS = YES;
				GENERATE_INFOPLIST_FILE = YES;
				INFOPLIST_FILE = "BodyTrackingVisualization-iOS/Info.plist";
				INFOPLIST_KEY_NSLocalNetworkUsageDescription = "Body tracking uses the local network to broadcast your skeleton data to connected devices.";
				INFOPLIST_KEY_UIApplicationSceneManifest_Generation = YES;
				INFOPLIST_KEY_UIApplicationSupportsIndirectInputEvents = YES;
				INFOPLIST_KEY_UILaunchScreen_Generation = YES;
				INFOPLIST_KEY_UISupportedInterfaceOrientations_iPad = "UIInterfaceOrientationPortrait UIInterfaceOrientationPortraitUpsideDown UIInterfaceOrientationLandscapeLeft UIInterfaceOrientationLandscapeRight";
				INFOPLIST_KEY_UISupportedInterfaceOrientations_iPhone = "UIInterfaceOrientationPortrait UIInterfaceOrientationLandscapeLeft UIInterfaceOrientationLandscapeRight";
				IPHONEOS_DEPLOYMENT_TARGET = 17.2;
				LD_RUNPATH_SEARCH_PATHS = (
					"$(inherited)",
					"@executable_path/Frameworks",
				);
				MARKETING_VERSION = 1.0;
				PRODUCT_BUNDLE_IDENTIFIER = "com.noisederived.BodyTrackingVisualization-iOS";
				PRODUCT_NAME = "$(TARGET_NAME)";
				SDKROOT = iphoneos;
				SWIFT_EMIT_LOC_STRINGS = YES;
				SWIFT_VERSION = 5.0;
				TARGETED_DEVICE_FAMILY = "1,2";
			};
			name = Release;
		};
		1E095BBD2B7BBB1700147119 /* Debug */ = {
			isa = XCBuildConfiguration;
			buildSettings = {
				ALWAYS_EMBED_SWIFT_STANDARD_LIBRARIES = YES;
				BUNDLE_LOADER = "$(TEST_HOST)";
				CODE_SIGN_STYLE = Automatic;
				CURRENT_PROJECT_VERSION = 1;
				DEVELOPMENT_TEAM = FTMC23LTVL;
				GENERATE_INFOPLIST_FILE = YES;
				IPHONEOS_DEPLOYMENT_TARGET = 17.2;
				MARKETING_VERSION = 1.0;
				PRODUCT_BUNDLE_IDENTIFIER = "com.noisederived.BodyTrackingVisualization-iOSTests";
				PRODUCT_NAME = "$(TARGET_NAME)";
				SDKROOT = iphoneos;
				SWIFT_EMIT_LOC_STRINGS = NO;
				SWIFT_VERSION = 5.0;
				TARGETED_DEVICE_FAMILY = "1,2";
				TEST_HOST = "$(BUILT_PRODUCTS_DIR)/BodyTrackingVisualization-iOS.app/$(BUNDLE_EXECUTABLE_FOLDER_PATH)/BodyTrackingVisualization-iOS";
			};
			name = Debug;
		};
		1E095BBE2B7BBB1700147119 /* Release */ = {
			isa = XCBuildConfiguration;
			buildSettings = {
				ALWAYS_EMBED_SWIFT_STANDARD_LIBRARIES = YES;
				BUNDLE_LOADER = "$(TEST_HOST)";
				CODE_SIGN_STYLE = Automatic;
				CURRENT_PROJECT_VERSION = 1;
				DEVELOPMENT_TEAM = FTMC23LTVL;
				GENERATE_INFOPLIST_FILE = YES;
				IPHONEOS_DEPLOYMENT_TARGET = 17.2;
				MARKETING_VERSION = 1.0;
				PRODUCT_BUNDLE_IDENTIFIER = "com.noisederived.BodyTrackingVisualization-iOSTests";
				PRODUCT_NAME = "$(TARGET_NAME)";
				SDKROOT = iphoneos;
				SWIFT_EMIT_LOC_STRINGS = NO;
				SWIFT_VERSION = 5.0;
				TARGETED_DEVICE_FAMILY = "1,2";
				TEST_HOST = "$(BUILT_PRODUCTS_DIR)/BodyTrackingVisualization-iOS.app/$(BUNDLE_EXECUTABLE_FOLDER_PATH)/BodyTrackingVisualization-iOS";
			};
			name = Release;
		};
		1E095BC02B7BBB1700147119 /* Debug */ = {
			isa = XCBuildConfiguration;
			buildSettings = {
				ALWAYS_EMBED_SWIFT_STANDARD_LIBRARIES = YES;
				CODE_SIGN_STYLE = Automatic;
				CURRENT_PROJECT_VERSION = 1;
				DEVELOPMENT_TEAM = FTMC23LTVL;
				GENERATE_INFOPLIST_FILE = YES;
				IPHONEOS_DEPLOYMENT_TARGET = 17.2;
				MARKETING_VERSION = 1.0;
				PRODUCT_BUNDLE_IDENTIFIER = "com.noisederived.BodyTrackingVisualization-iOSUITests";
				PRODUCT_NAME = "$(TARGET_NAME)";
				SDKROOT = iphoneos;
				SWIFT_EMIT_LOC_STRINGS = NO;
				SWIFT_VERSION = 5.0;
				TARGETED_DEVICE_FAMILY = "1,2";
				TEST_TARGET_NAME = "BodyTrackingVisualization-iOS";
			};
			name = Debug;
		};
		1E095BC12B7BBB1700147119 /* Release */ = {
			isa = XCBuildConfiguration;
			buildSettings = {
				ALWAYS_EMBED_SWIFT_STANDARD_LIBRARIES = YES;
				CODE_SIGN_STYLE = Automatic;
				CURRENT_PROJECT_VERSION = 1;
				DEVELOPMENT_TEAM = FTMC23LTVL;
				GENERATE_INFOPLIST_FILE = YES;
				IPHONEOS_DEPLOYMENT_TARGET = 17.2;
				MARKETING_VERSION = 1.0;
				PRODUCT_BUNDLE_IDENTIFIER = "com.noisederived.BodyTrackingVisualization-iOSUITests";
				PRODUCT_NAME = "$(TARGET_NAME)";
				SDKROOT = iphoneos;
				SWIFT_EMIT_LOC_STRINGS = NO;
				SWIFT_VERSION = 5.0;
				TARGETED_DEVICE_FAMILY = "1,2";
				TEST_TARGET_NAME = "BodyTrackingVisualization-iOS";
			};
			name = Release;
		};
/* End XCBuildConfiguration section */

/* Begin XCConfigurationList section */
		1E095B662B7BA77E00147119 /* Build configuration list for PBXProject "BodyTrackingVisualization" */ = {
			isa = XCConfigurationList;
			buildConfigurations = (
				1E095B882B7BA77F00147119 /* Debug */,
				1E095B892B7BA77F00147119 /* Release */,
			);
			defaultConfigurationIsVisible = 0;
			defaultConfigurationName = Release;
		};
		1E095B8A2B7BA77F00147119 /* Build configuration list for PBXNativeTarget "BodyTrackingVisualization" */ = {
			isa = XCConfigurationList;
			buildConfigurations = (
				1E095B8B2B7BA77F00147119 /* Debug */,
				1E095B8C2B7BA77F00147119 /* Release */,
			);
			defaultConfigurationIsVisible = 0;
			defaultConfigurationName = Release;
		};
		1E095B8D2B7BA77F00147119 /* Build configuration list for PBXNativeTarget "BodyTrackingVisualizationTests" */ = {
			isa = XCConfigurationList;
			buildConfigurations = (
				1E095B8E2B7BA77F00147119 /* Debug */,
				1E095B8F2B7BA77F00147119 /* Release */,
			);
			defaultConfigurationIsVisible = 0;
			defaultConfigurationName = Release;
		};
		1E095BB92B7BBB1700147119 /* Build configuration list for PBXNativeTarget "BodyTrackingVisualization-iOS" */ = {
			isa = XCConfigurationList;
			buildConfigurations = (
				1E095BBA2B7BBB1700147119 /* Debug */,
				1E095BBB2B7BBB1700147119 /* Release */,
			);
			defaultConfigurationIsVisible = 0;
			defaultConfigurationName = Release;
		};
		1E095BBC2B7BBB1700147119 /* Build configuration list for PBXNativeTarget "BodyTrackingVisualization-iOSTests" */ = {
			isa = XCConfigurationList;
			buildConfigurations = (
				1E095BBD2B7BBB1700147119 /* Debug */,
				1E095BBE2B7BBB1700147119 /* Release */,
			);
			defaultConfigurationIsVisible = 0;
			defaultConfigurationName = Release;
		};
		1E095BBF2B7BBB1700147119 /* Build configuration list for PBXNativeTarget "BodyTrackingVisualization-iOSUITests" */ = {
			isa = XCConfigurationList;
			buildConfigurations = (
				1E095BC02B7BBB1700147119 /* Debug */,
				1E095BC12B7BBB1700147119 /* Release */,
			);
			defaultConfigurationIsVisible = 0;
			defaultConfigurationName = Release;
		};
/* End XCConfigurationList section */

/* Begin XCSwiftPackageProductDependency section */
		1E095B702B7BA77E00147119 /* RealityKitContent */ = {
			isa = XCSwiftPackageProductDependency;
			productName = RealityKitContent;
		};
/* End XCSwiftPackageProductDependency section */
	};
	rootObject = 1E095B632B7BA77E00147119 /* Project object */;
}
